// !$*UTF8*$!
{
	archiveVersion = 1;
	classes = {
	};
	objectVersion = 56;
	objects = {

/* Begin PBXBuildFile section */
		500ACDC12B2D34390096574B /* CartRow.swift in Sources */ = {isa = PBXBuildFile; fileRef = 500ACDBF2B2D34390096574B /* CartRow.swift */; };
		500ACDC22B2D34390096574B /* CartRow.xib in Resources */ = {isa = PBXBuildFile; fileRef = 500ACDC02B2D34390096574B /* CartRow.xib */; };
		500ACDC52B2D35CA0096574B /* MenuItem.swift in Sources */ = {isa = PBXBuildFile; fileRef = 500ACDC42B2D35CA0096574B /* MenuItem.swift */; };
		500ACDC72B2D5F7B0096574B /* Api.swift in Sources */ = {isa = PBXBuildFile; fileRef = 500ACDC62B2D5F7B0096574B /* Api.swift */; };
		500ACDC92B2D66100096574B /* Extensions.swift in Sources */ = {isa = PBXBuildFile; fileRef = 500ACDC82B2D66100096574B /* Extensions.swift */; };
		500F9D4E2B2D2E470059EB5E /* MenuRow.swift in Sources */ = {isa = PBXBuildFile; fileRef = 500F9D4D2B2D2E470059EB5E /* MenuRow.swift */; };
		500F9D502B2D2F190059EB5E /* CartVC.storyboard in Resources */ = {isa = PBXBuildFile; fileRef = 500F9D4F2B2D2F190059EB5E /* CartVC.storyboard */; };
		500F9D522B2D2F210059EB5E /* TipVC.storyboard in Resources */ = {isa = PBXBuildFile; fileRef = 500F9D512B2D2F210059EB5E /* TipVC.storyboard */; };
		500F9D542B2D2F2D0059EB5E /* ThankYouVC.storyboard in Resources */ = {isa = PBXBuildFile; fileRef = 500F9D532B2D2F2D0059EB5E /* ThankYouVC.storyboard */; };
		501F08042B2E409E002DC221 /* ReceiptRow.swift in Sources */ = {isa = PBXBuildFile; fileRef = 501F08032B2E409E002DC221 /* ReceiptRow.swift */; };
		501F08062B2E431B002DC221 /* TipPercentage.swift in Sources */ = {isa = PBXBuildFile; fileRef = 501F08052B2E431B002DC221 /* TipPercentage.swift */; };
		501F08082B2E443C002DC221 /* TotalCell.swift in Sources */ = {isa = PBXBuildFile; fileRef = 501F08072B2E443C002DC221 /* TotalCell.swift */; };
		501F080A2B2E52DA002DC221 /* TipRow.swift in Sources */ = {isa = PBXBuildFile; fileRef = 501F08092B2E52DA002DC221 /* TipRow.swift */; };
		50339B1F2B2D26FD00F018D4 /* AppDelegate.swift in Sources */ = {isa = PBXBuildFile; fileRef = 50339B1E2B2D26FD00F018D4 /* AppDelegate.swift */; };
		50339B212B2D26FD00F018D4 /* SceneDelegate.swift in Sources */ = {isa = PBXBuildFile; fileRef = 50339B202B2D26FD00F018D4 /* SceneDelegate.swift */; };
		50339B232B2D26FD00F018D4 /* HomeVC.swift in Sources */ = {isa = PBXBuildFile; fileRef = 50339B222B2D26FD00F018D4 /* HomeVC.swift */; };
		50339B262B2D26FD00F018D4 /* Main.storyboard in Resources */ = {isa = PBXBuildFile; fileRef = 50339B242B2D26FD00F018D4 /* Main.storyboard */; };
		50339B282B2D270100F018D4 /* Assets.xcassets in Resources */ = {isa = PBXBuildFile; fileRef = 50339B272B2D270100F018D4 /* Assets.xcassets */; };
		50339B2B2B2D270100F018D4 /* LaunchScreen.storyboard in Resources */ = {isa = PBXBuildFile; fileRef = 50339B292B2D270100F018D4 /* LaunchScreen.storyboard */; };
		50339B332B2D277600F018D4 /* CartVC.swift in Sources */ = {isa = PBXBuildFile; fileRef = 50339B322B2D277600F018D4 /* CartVC.swift */; };
		50339B352B2D27BE00F018D4 /* TipVC.swift in Sources */ = {isa = PBXBuildFile; fileRef = 50339B342B2D27BE00F018D4 /* TipVC.swift */; };
		50339B372B2D27D700F018D4 /* ReceiptVC.swift in Sources */ = {isa = PBXBuildFile; fileRef = 50339B362B2D27D700F018D4 /* ReceiptVC.swift */; };
/* End PBXBuildFile section */

/* Begin PBXFileReference section */
		500ACDBF2B2D34390096574B /* CartRow.swift */ = {isa = PBXFileReference; lastKnownFileType = sourcecode.swift; path = CartRow.swift; sourceTree = "<group>"; };
		500ACDC02B2D34390096574B /* CartRow.xib */ = {isa = PBXFileReference; lastKnownFileType = file.xib; path = CartRow.xib; sourceTree = "<group>"; };
		500ACDC42B2D35CA0096574B /* MenuItem.swift */ = {isa = PBXFileReference; lastKnownFileType = sourcecode.swift; path = MenuItem.swift; sourceTree = "<group>"; };
		500ACDC62B2D5F7B0096574B /* Api.swift */ = {isa = PBXFileReference; lastKnownFileType = sourcecode.swift; path = Api.swift; sourceTree = "<group>"; };
		500ACDC82B2D66100096574B /* Extensions.swift */ = {isa = PBXFileReference; lastKnownFileType = sourcecode.swift; path = Extensions.swift; sourceTree = "<group>"; };
		500F9D4D2B2D2E470059EB5E /* MenuRow.swift */ = {isa = PBXFileReference; lastKnownFileType = sourcecode.swift; path = MenuRow.swift; sourceTree = "<group>"; };
		500F9D4F2B2D2F190059EB5E /* CartVC.storyboard */ = {isa = PBXFileReference; lastKnownFileType = file.storyboard; path = CartVC.storyboard; sourceTree = "<group>"; };
		500F9D512B2D2F210059EB5E /* TipVC.storyboard */ = {isa = PBXFileReference; lastKnownFileType = file.storyboard; path = TipVC.storyboard; sourceTree = "<group>"; };
		500F9D532B2D2F2D0059EB5E /* ThankYouVC.storyboard */ = {isa = PBXFileReference; lastKnownFileType = file.storyboard; path = ThankYouVC.storyboard; sourceTree = "<group>"; };
		501F08032B2E409E002DC221 /* ReceiptRow.swift */ = {isa = PBXFileReference; lastKnownFileType = sourcecode.swift; path = ReceiptRow.swift; sourceTree = "<group>"; };
		501F08052B2E431B002DC221 /* TipPercentage.swift */ = {isa = PBXFileReference; lastKnownFileType = sourcecode.swift; path = TipPercentage.swift; sourceTree = "<group>"; };
		501F08072B2E443C002DC221 /* TotalCell.swift */ = {isa = PBXFileReference; lastKnownFileType = sourcecode.swift; path = TotalCell.swift; sourceTree = "<group>"; };
		501F08092B2E52DA002DC221 /* TipRow.swift */ = {isa = PBXFileReference; lastKnownFileType = sourcecode.swift; path = TipRow.swift; sourceTree = "<group>"; };
		50339B1B2B2D26FD00F018D4 /* YallBeTippin.app */ = {isa = PBXFileReference; explicitFileType = wrapper.application; includeInIndex = 0; path = YallBeTippin.app; sourceTree = BUILT_PRODUCTS_DIR; };
		50339B1E2B2D26FD00F018D4 /* AppDelegate.swift */ = {isa = PBXFileReference; lastKnownFileType = sourcecode.swift; path = AppDelegate.swift; sourceTree = "<group>"; };
		50339B202B2D26FD00F018D4 /* SceneDelegate.swift */ = {isa = PBXFileReference; lastKnownFileType = sourcecode.swift; path = SceneDelegate.swift; sourceTree = "<group>"; };
		50339B222B2D26FD00F018D4 /* HomeVC.swift */ = {isa = PBXFileReference; lastKnownFileType = sourcecode.swift; path = HomeVC.swift; sourceTree = "<group>"; };
		50339B252B2D26FD00F018D4 /* Base */ = {isa = PBXFileReference; lastKnownFileType = file.storyboard; name = Base; path = Base.lproj/Main.storyboard; sourceTree = "<group>"; };
		50339B272B2D270100F018D4 /* Assets.xcassets */ = {isa = PBXFileReference; lastKnownFileType = folder.assetcatalog; path = Assets.xcassets; sourceTree = "<group>"; };
		50339B2A2B2D270100F018D4 /* Base */ = {isa = PBXFileReference; lastKnownFileType = file.storyboard; name = Base; path = Base.lproj/LaunchScreen.storyboard; sourceTree = "<group>"; };
		50339B2C2B2D270100F018D4 /* Info.plist */ = {isa = PBXFileReference; lastKnownFileType = text.plist.xml; path = Info.plist; sourceTree = "<group>"; };
		50339B322B2D277600F018D4 /* CartVC.swift */ = {isa = PBXFileReference; lastKnownFileType = sourcecode.swift; path = CartVC.swift; sourceTree = "<group>"; };
		50339B342B2D27BE00F018D4 /* TipVC.swift */ = {isa = PBXFileReference; lastKnownFileType = sourcecode.swift; path = TipVC.swift; sourceTree = "<group>"; };
		50339B362B2D27D700F018D4 /* ReceiptVC.swift */ = {isa = PBXFileReference; lastKnownFileType = sourcecode.swift; path = ReceiptVC.swift; sourceTree = "<group>"; };
/* End PBXFileReference section */

/* Begin PBXFrameworksBuildPhase section */
		50339B182B2D26FD00F018D4 /* Frameworks */ = {
			isa = PBXFrameworksBuildPhase;
			buildActionMask = 2147483647;
			files = (
			);
			runOnlyForDeploymentPostprocessing = 0;
		};
/* End PBXFrameworksBuildPhase section */

/* Begin PBXGroup section */
		500ACDC32B2D35870096574B /* Model */ = {
			isa = PBXGroup;
			children = (
				500ACDC42B2D35CA0096574B /* MenuItem.swift */,
				501F08052B2E431B002DC221 /* TipPercentage.swift */,
			);
			path = Model;
			sourceTree = "<group>";
		};
		50339B122B2D26FD00F018D4 = {
			isa = PBXGroup;
			children = (
				50339B1D2B2D26FD00F018D4 /* YallBeTippin */,
				50339B1C2B2D26FD00F018D4 /* Products */,
			);
			sourceTree = "<group>";
		};
		50339B1C2B2D26FD00F018D4 /* Products */ = {
			isa = PBXGroup;
			children = (
				50339B1B2B2D26FD00F018D4 /* YallBeTippin.app */,
			);
			name = Products;
			sourceTree = "<group>";
		};
		50339B1D2B2D26FD00F018D4 /* YallBeTippin */ = {
			isa = PBXGroup;
			children = (
				50339B2C2B2D270100F018D4 /* Info.plist */,
				50339B292B2D270100F018D4 /* LaunchScreen.storyboard */,
				50339B272B2D270100F018D4 /* Assets.xcassets */,
				50339B1E2B2D26FD00F018D4 /* AppDelegate.swift */,
				50339B202B2D26FD00F018D4 /* SceneDelegate.swift */,
				500ACDC82B2D66100096574B /* Extensions.swift */,
				500ACDC62B2D5F7B0096574B /* Api.swift */,
				500ACDC32B2D35870096574B /* Model */,
				50339B382B2D282D00F018D4 /* Home */,
				50339B392B2D284600F018D4 /* Cart */,
				50339B3A2B2D285100F018D4 /* Tip */,
				50339B3B2B2D285D00F018D4 /* ThankYou */,
			);
			path = YallBeTippin;
			sourceTree = "<group>";
		};
		50339B382B2D282D00F018D4 /* Home */ = {
			isa = PBXGroup;
			children = (
				50339B222B2D26FD00F018D4 /* HomeVC.swift */,
				50339B242B2D26FD00F018D4 /* Main.storyboard */,
				500F9D4D2B2D2E470059EB5E /* MenuRow.swift */,
			);
			path = Home;
			sourceTree = "<group>";
		};
		50339B392B2D284600F018D4 /* Cart */ = {
			isa = PBXGroup;
			children = (
				50339B322B2D277600F018D4 /* CartVC.swift */,
				500F9D4F2B2D2F190059EB5E /* CartVC.storyboard */,
				500ACDBF2B2D34390096574B /* CartRow.swift */,
				500ACDC02B2D34390096574B /* CartRow.xib */,
			);
			path = Cart;
			sourceTree = "<group>";
		};
		50339B3A2B2D285100F018D4 /* Tip */ = {
			isa = PBXGroup;
			children = (
				50339B342B2D27BE00F018D4 /* TipVC.swift */,
				500F9D512B2D2F210059EB5E /* TipVC.storyboard */,
			);
			path = Tip;
			sourceTree = "<group>";
		};
		50339B3B2B2D285D00F018D4 /* ThankYou */ = {
			isa = PBXGroup;
			children = (
				50339B362B2D27D700F018D4 /* ReceiptVC.swift */,
				500F9D532B2D2F2D0059EB5E /* ThankYouVC.storyboard */,
				501F08032B2E409E002DC221 /* ReceiptRow.swift */,
				501F08092B2E52DA002DC221 /* TipRow.swift */,
				501F08072B2E443C002DC221 /* TotalCell.swift */,
			);
			path = ThankYou;
			sourceTree = "<group>";
		};
/* End PBXGroup section */

/* Begin PBXNativeTarget section */
		50339B1A2B2D26FD00F018D4 /* YallBeTippin */ = {
			isa = PBXNativeTarget;
			buildConfigurationList = 50339B2F2B2D270100F018D4 /* Build configuration list for PBXNativeTarget "YallBeTippin" */;
			buildPhases = (
				50339B172B2D26FD00F018D4 /* Sources */,
				50339B182B2D26FD00F018D4 /* Frameworks */,
				50339B192B2D26FD00F018D4 /* Resources */,
			);
			buildRules = (
			);
			dependencies = (
			);
			name = YallBeTippin;
			productName = YallBeTippin;
			productReference = 50339B1B2B2D26FD00F018D4 /* YallBeTippin.app */;
			productType = "com.apple.product-type.application";
		};
/* End PBXNativeTarget section */

/* Begin PBXProject section */
		50339B132B2D26FD00F018D4 /* Project object */ = {
			isa = PBXProject;
			attributes = {
				BuildIndependentTargetsInParallel = 1;
				LastSwiftUpdateCheck = 1510;
				LastUpgradeCheck = 1510;
				TargetAttributes = {
					50339B1A2B2D26FD00F018D4 = {
						CreatedOnToolsVersion = 15.1;
					};
				};
			};
			buildConfigurationList = 50339B162B2D26FD00F018D4 /* Build configuration list for PBXProject "YallBeTippin" */;
			compatibilityVersion = "Xcode 14.0";
			developmentRegion = en;
			hasScannedForEncodings = 0;
			knownRegions = (
				en,
				Base,
			);
			mainGroup = 50339B122B2D26FD00F018D4;
			productRefGroup = 50339B1C2B2D26FD00F018D4 /* Products */;
			projectDirPath = "";
			projectRoot = "";
			targets = (
				50339B1A2B2D26FD00F018D4 /* YallBeTippin */,
			);
		};
/* End PBXProject section */

/* Begin PBXResourcesBuildPhase section */
		50339B192B2D26FD00F018D4 /* Resources */ = {
			isa = PBXResourcesBuildPhase;
			buildActionMask = 2147483647;
			files = (
				500F9D542B2D2F2D0059EB5E /* ThankYouVC.storyboard in Resources */,
				50339B2B2B2D270100F018D4 /* LaunchScreen.storyboard in Resources */,
				500ACDC22B2D34390096574B /* CartRow.xib in Resources */,
				50339B282B2D270100F018D4 /* Assets.xcassets in Resources */,
				50339B262B2D26FD00F018D4 /* Main.storyboard in Resources */,
				500F9D502B2D2F190059EB5E /* CartVC.storyboard in Resources */,
				500F9D522B2D2F210059EB5E /* TipVC.storyboard in Resources */,
			);
			runOnlyForDeploymentPostprocessing = 0;
		};
/* End PBXResourcesBuildPhase section */

/* Begin PBXSourcesBuildPhase section */
		50339B172B2D26FD00F018D4 /* Sources */ = {
			isa = PBXSourcesBuildPhase;
			buildActionMask = 2147483647;
			files = (
				50339B232B2D26FD00F018D4 /* HomeVC.swift in Sources */,
				500F9D4E2B2D2E470059EB5E /* MenuRow.swift in Sources */,
				500ACDC12B2D34390096574B /* CartRow.swift in Sources */,
				501F08042B2E409E002DC221 /* ReceiptRow.swift in Sources */,
				50339B372B2D27D700F018D4 /* ReceiptVC.swift in Sources */,
				50339B352B2D27BE00F018D4 /* TipVC.swift in Sources */,
				50339B1F2B2D26FD00F018D4 /* AppDelegate.swift in Sources */,
				500ACDC52B2D35CA0096574B /* MenuItem.swift in Sources */,
				50339B332B2D277600F018D4 /* CartVC.swift in Sources */,
				501F080A2B2E52DA002DC221 /* TipRow.swift in Sources */,
				501F08062B2E431B002DC221 /* TipPercentage.swift in Sources */,
				501F08082B2E443C002DC221 /* TotalCell.swift in Sources */,
				500ACDC72B2D5F7B0096574B /* Api.swift in Sources */,
				500ACDC92B2D66100096574B /* Extensions.swift in Sources */,
				50339B212B2D26FD00F018D4 /* SceneDelegate.swift in Sources */,
			);
			runOnlyForDeploymentPostprocessing = 0;
		};
/* End PBXSourcesBuildPhase section */

/* Begin PBXVariantGroup section */
		50339B242B2D26FD00F018D4 /* Main.storyboard */ = {
			isa = PBXVariantGroup;
			children = (
				50339B252B2D26FD00F018D4 /* Base */,
			);
			name = Main.storyboard;
			sourceTree = "<group>";
		};
		50339B292B2D270100F018D4 /* LaunchScreen.storyboard */ = {
			isa = PBXVariantGroup;
			children = (
				50339B2A2B2D270100F018D4 /* Base */,
			);
			name = LaunchScreen.storyboard;
			sourceTree = "<group>";
		};
/* End PBXVariantGroup section */

/* Begin XCBuildConfiguration section */
		50339B2D2B2D270100F018D4 /* Debug */ = {
			isa = XCBuildConfiguration;
			buildSettings = {
				ALWAYS_SEARCH_USER_PATHS = NO;
				ASSETCATALOG_COMPILER_GENERATE_SWIFT_ASSET_SYMBOL_EXTENSIONS = YES;
				CLANG_ANALYZER_NONNULL = YES;
				CLANG_ANALYZER_NUMBER_OBJECT_CONVERSION = YES_AGGRESSIVE;
				CLANG_CXX_LANGUAGE_STANDARD = "gnu++20";
				CLANG_ENABLE_MODULES = YES;
				CLANG_ENABLE_OBJC_ARC = YES;
				CLANG_ENABLE_OBJC_WEAK = YES;
				CLANG_WARN_BLOCK_CAPTURE_AUTORELEASING = YES;
				CLANG_WARN_BOOL_CONVERSION = YES;
				CLANG_WARN_COMMA = YES;
				CLANG_WARN_CONSTANT_CONVERSION = YES;
				CLANG_WARN_DEPRECATED_OBJC_IMPLEMENTATIONS = YES;
				CLANG_WARN_DIRECT_OBJC_ISA_USAGE = YES_ERROR;
				CLANG_WARN_DOCUMENTATION_COMMENTS = YES;
				CLANG_WARN_EMPTY_BODY = YES;
				CLANG_WARN_ENUM_CONVERSION = YES;
				CLANG_WARN_INFINITE_RECURSION = YES;
				CLANG_WARN_INT_CONVERSION = YES;
				CLANG_WARN_NON_LITERAL_NULL_CONVERSION = YES;
				CLANG_WARN_OBJC_IMPLICIT_RETAIN_SELF = YES;
				CLANG_WARN_OBJC_LITERAL_CONVERSION = YES;
				CLANG_WARN_OBJC_ROOT_CLASS = YES_ERROR;
				CLANG_WARN_QUOTED_INCLUDE_IN_FRAMEWORK_HEADER = YES;
				CLANG_WARN_RANGE_LOOP_ANALYSIS = YES;
				CLANG_WARN_STRICT_PROTOTYPES = YES;
				CLANG_WARN_SUSPICIOUS_MOVE = YES;
				CLANG_WARN_UNGUARDED_AVAILABILITY = YES_AGGRESSIVE;
				CLANG_WARN_UNREACHABLE_CODE = YES;
				CLANG_WARN__DUPLICATE_METHOD_MATCH = YES;
				COPY_PHASE_STRIP = NO;
				DEBUG_INFORMATION_FORMAT = dwarf;
				ENABLE_STRICT_OBJC_MSGSEND = YES;
				ENABLE_TESTABILITY = YES;
				ENABLE_USER_SCRIPT_SANDBOXING = YES;
				GCC_C_LANGUAGE_STANDARD = gnu17;
				GCC_DYNAMIC_NO_PIC = NO;
				GCC_NO_COMMON_BLOCKS = YES;
				GCC_OPTIMIZATION_LEVEL = 0;
				GCC_PREPROCESSOR_DEFINITIONS = (
					"DEBUG=1",
					"$(inherited)",
				);
				GCC_WARN_64_TO_32_BIT_CONVERSION = YES;
				GCC_WARN_ABOUT_RETURN_TYPE = YES_ERROR;
				GCC_WARN_UNDECLARED_SELECTOR = YES;
				GCC_WARN_UNINITIALIZED_AUTOS = YES_AGGRESSIVE;
				GCC_WARN_UNUSED_FUNCTION = YES;
				GCC_WARN_UNUSED_VARIABLE = YES;
				IPHONEOS_DEPLOYMENT_TARGET = 17.2;
				LOCALIZATION_PREFERS_STRING_CATALOGS = YES;
				MTL_ENABLE_DEBUG_INFO = INCLUDE_SOURCE;
				MTL_FAST_MATH = YES;
				ONLY_ACTIVE_ARCH = YES;
				SDKROOT = iphoneos;
				SWIFT_ACTIVE_COMPILATION_CONDITIONS = "DEBUG $(inherited)";
				SWIFT_OPTIMIZATION_LEVEL = "-Onone";
			};
			name = Debug;
		};
		50339B2E2B2D270100F018D4 /* Release */ = {
			isa = XCBuildConfiguration;
			buildSettings = {
				ALWAYS_SEARCH_USER_PATHS = NO;
				ASSETCATALOG_COMPILER_GENERATE_SWIFT_ASSET_SYMBOL_EXTENSIONS = YES;
				CLANG_ANALYZER_NONNULL = YES;
				CLANG_ANALYZER_NUMBER_OBJECT_CONVERSION = YES_AGGRESSIVE;
				CLANG_CXX_LANGUAGE_STANDARD = "gnu++20";
				CLANG_ENABLE_MODULES = YES;
				CLANG_ENABLE_OBJC_ARC = YES;
				CLANG_ENABLE_OBJC_WEAK = YES;
				CLANG_WARN_BLOCK_CAPTURE_AUTORELEASING = YES;
				CLANG_WARN_BOOL_CONVERSION = YES;
				CLANG_WARN_COMMA = YES;
				CLANG_WARN_CONSTANT_CONVERSION = YES;
				CLANG_WARN_DEPRECATED_OBJC_IMPLEMENTATIONS = YES;
				CLANG_WARN_DIRECT_OBJC_ISA_USAGE = YES_ERROR;
				CLANG_WARN_DOCUMENTATION_COMMENTS = YES;
				CLANG_WARN_EMPTY_BODY = YES;
				CLANG_WARN_ENUM_CONVERSION = YES;
				CLANG_WARN_INFINITE_RECURSION = YES;
				CLANG_WARN_INT_CONVERSION = YES;
				CLANG_WARN_NON_LITERAL_NULL_CONVERSION = YES;
				CLANG_WARN_OBJC_IMPLICIT_RETAIN_SELF = YES;
				CLANG_WARN_OBJC_LITERAL_CONVERSION = YES;
				CLANG_WARN_OBJC_ROOT_CLASS = YES_ERROR;
				CLANG_WARN_QUOTED_INCLUDE_IN_FRAMEWORK_HEADER = YES;
				CLANG_WARN_RANGE_LOOP_ANALYSIS = YES;
				CLANG_WARN_STRICT_PROTOTYPES = YES;
				CLANG_WARN_SUSPICIOUS_MOVE = YES;
				CLANG_WARN_UNGUARDED_AVAILABILITY = YES_AGGRESSIVE;
				CLANG_WARN_UNREACHABLE_CODE = YES;
				CLANG_WARN__DUPLICATE_METHOD_MATCH = YES;
				COPY_PHASE_STRIP = NO;
				DEBUG_INFORMATION_FORMAT = "dwarf-with-dsym";
				ENABLE_NS_ASSERTIONS = NO;
				ENABLE_STRICT_OBJC_MSGSEND = YES;
				ENABLE_USER_SCRIPT_SANDBOXING = YES;
				GCC_C_LANGUAGE_STANDARD = gnu17;
				GCC_NO_COMMON_BLOCKS = YES;
				GCC_WARN_64_TO_32_BIT_CONVERSION = YES;
				GCC_WARN_ABOUT_RETURN_TYPE = YES_ERROR;
				GCC_WARN_UNDECLARED_SELECTOR = YES;
				GCC_WARN_UNINITIALIZED_AUTOS = YES_AGGRESSIVE;
				GCC_WARN_UNUSED_FUNCTION = YES;
				GCC_WARN_UNUSED_VARIABLE = YES;
				IPHONEOS_DEPLOYMENT_TARGET = 17.2;
				LOCALIZATION_PREFERS_STRING_CATALOGS = YES;
				MTL_ENABLE_DEBUG_INFO = NO;
				MTL_FAST_MATH = YES;
				SDKROOT = iphoneos;
				SWIFT_COMPILATION_MODE = wholemodule;
				VALIDATE_PRODUCT = YES;
			};
			name = Release;
		};
		50339B302B2D270100F018D4 /* Debug */ = {
			isa = XCBuildConfiguration;
			buildSettings = {
				ASSETCATALOG_COMPILER_APPICON_NAME = AppIcon;
				ASSETCATALOG_COMPILER_GLOBAL_ACCENT_COLOR_NAME = AccentColor;
				CODE_SIGN_STYLE = Automatic;
				CURRENT_PROJECT_VERSION = 1;
				DEVELOPMENT_TEAM = 676A84J3QT;
				GENERATE_INFOPLIST_FILE = YES;
				INFOPLIST_FILE = YallBeTippin/Info.plist;
				INFOPLIST_KEY_UIApplicationSupportsIndirectInputEvents = YES;
				INFOPLIST_KEY_UILaunchStoryboardName = LaunchScreen;
				INFOPLIST_KEY_UIMainStoryboardFile = Main;
				INFOPLIST_KEY_UISupportedInterfaceOrientations_iPad = "UIInterfaceOrientationPortrait UIInterfaceOrientationPortraitUpsideDown UIInterfaceOrientationLandscapeLeft UIInterfaceOrientationLandscapeRight";
				INFOPLIST_KEY_UISupportedInterfaceOrientations_iPhone = "UIInterfaceOrientationPortrait UIInterfaceOrientationLandscapeLeft UIInterfaceOrientationLandscapeRight";
				LD_RUNPATH_SEARCH_PATHS = (
					"$(inherited)",
					"@executable_path/Frameworks",
				);
				MARKETING_VERSION = 1.0;
				PRODUCT_BUNDLE_IDENTIFIER = com.ryankanno.YallBeTippin;
				PRODUCT_NAME = "$(TARGET_NAME)";
				SWIFT_EMIT_LOC_STRINGS = YES;
				SWIFT_VERSION = 5.0;
				TARGETED_DEVICE_FAMILY = "1,2";
			};
			name = Debug;
		};
		50339B312B2D270100F018D4 /* Release */ = {
			isa = XCBuildConfiguration;
			buildSettings = {
				ASSETCATALOG_COMPILER_APPICON_NAME = AppIcon;
				ASSETCATALOG_COMPILER_GLOBAL_ACCENT_COLOR_NAME = AccentColor;
				CODE_SIGN_STYLE = Automatic;
				CURRENT_PROJECT_VERSION = 1;
				DEVELOPMENT_TEAM = 676A84J3QT;
				GENERATE_INFOPLIST_FILE = YES;
				INFOPLIST_FILE = YallBeTippin/Info.plist;
				INFOPLIST_KEY_UIApplicationSupportsIndirectInputEvents = YES;
				INFOPLIST_KEY_UILaunchStoryboardName = LaunchScreen;
				INFOPLIST_KEY_UIMainStoryboardFile = Main;
				INFOPLIST_KEY_UISupportedInterfaceOrientations_iPad = "UIInterfaceOrientationPortrait UIInterfaceOrientationPortraitUpsideDown UIInterfaceOrientationLandscapeLeft UIInterfaceOrientationLandscapeRight";
				INFOPLIST_KEY_UISupportedInterfaceOrientations_iPhone = "UIInterfaceOrientationPortrait UIInterfaceOrientationLandscapeLeft UIInterfaceOrientationLandscapeRight";
				LD_RUNPATH_SEARCH_PATHS = (
					"$(inherited)",
					"@executable_path/Frameworks",
				);
				MARKETING_VERSION = 1.0;
				PRODUCT_BUNDLE_IDENTIFIER = com.ryankanno.YallBeTippin;
				PRODUCT_NAME = "$(TARGET_NAME)";
				SWIFT_EMIT_LOC_STRINGS = YES;
				SWIFT_VERSION = 5.0;
				TARGETED_DEVICE_FAMILY = "1,2";
			};
			name = Release;
		};
/* End XCBuildConfiguration section */

/* Begin XCConfigurationList section */
		50339B162B2D26FD00F018D4 /* Build configuration list for PBXProject "YallBeTippin" */ = {
			isa = XCConfigurationList;
			buildConfigurations = (
				50339B2D2B2D270100F018D4 /* Debug */,
				50339B2E2B2D270100F018D4 /* Release */,
			);
			defaultConfigurationIsVisible = 0;
			defaultConfigurationName = Release;
		};
		50339B2F2B2D270100F018D4 /* Build configuration list for PBXNativeTarget "YallBeTippin" */ = {
			isa = XCConfigurationList;
			buildConfigurations = (
				50339B302B2D270100F018D4 /* Debug */,
				50339B312B2D270100F018D4 /* Release */,
			);
			defaultConfigurationIsVisible = 0;
			defaultConfigurationName = Release;
		};
/* End XCConfigurationList section */
	};
	rootObject = 50339B132B2D26FD00F018D4 /* Project object */;
}
